
Microsoft Visual Studio Solution File, Format Version 12.00
# Visual Studio 15
VisualStudioVersion = 15.0.28307.705
MinimumVisualStudioVersion = 10.0.40219.1
Project("{FAE04EC0-301F-11D3-BF4B-00C04F79EFBC}") = "GitTest", "GitTest\GitTest.csproj", "{CE4721DD-30C4-44D3-A827-F8AED2A1F39A}"
EndProject
Global
	GlobalSection(SolutionConfigurationPlatforms) = preSolution
		Debug|Any CPU = Debug|Any CPU
		Release|Any CPU = Release|Any CPU
	EndGlobalSection
	GlobalSection(ProjectConfigurationPlatforms) = postSolution
		{CE4721DD-30C4-44D3-A827-F8AED2A1F39A}.Debug|Any CPU.ActiveCfg = Debug|Any CPU
		{CE4721DD-30C4-44D3-A827-F8AED2A1F39A}.Debug|Any CPU.Build.0 = Debug|Any CPU
		{CE4721DD-30C4-44D3-A827-F8AED2A1F39A}.Release|Any CPU.ActiveCfg = Release|Any CPU
		{CE4721DD-30C4-44D3-A827-F8AED2A1F39A}.Release|Any CPU.Build.0 = Release|Any CPU
	EndGlobalSection
	GlobalSection(SolutionProperties) = preSolution
		HideSolutionNode = FALSE
	EndGlobalSection
	GlobalSection(ExtensibilityGlobals) = postSolution
		SolutionGuid = {204ABB50-FC7A-4D05-829F-3D8722C262D8}
	EndGlobalSection
EndGlobal
